
Microsoft Visual Studio Solution File, Format Version 12.00
# Visual Studio Version 16
VisualStudioVersion = 16.0.29920.165
MinimumVisualStudioVersion = 10.0.40219.1
Project("{FAE04EC0-301F-11D3-BF4B-00C04F79EFBC}") = "Ejercicio 19", "Ejercicio 19\Ejercicio 19.csproj", "{A1D55328-3ED2-4E5D-9F66-8FA659C37B43}"
EndProject
Project("{FAE04EC0-301F-11D3-BF4B-00C04F79EFBC}") = "ClassLibrary1", "ClassLibrary1\ClassLibrary1.csproj", "{5FD735C1-E951-4AF4-AC89-039B5A1567D5}"
EndProject
Global
	GlobalSection(SolutionConfigurationPlatforms) = preSolution
		Debug|Any CPU = Debug|Any CPU
		Release|Any CPU = Release|Any CPU
	EndGlobalSection
	GlobalSection(ProjectConfigurationPlatforms) = postSolution
		{A1D55328-3ED2-4E5D-9F66-8FA659C37B43}.Debug|Any CPU.ActiveCfg = Debug|Any CPU
		{A1D55328-3ED2-4E5D-9F66-8FA659C37B43}.Debug|Any CPU.Build.0 = Debug|Any CPU
		{A1D55328-3ED2-4E5D-9F66-8FA659C37B43}.Release|Any CPU.ActiveCfg = Release|Any CPU
		{A1D55328-3ED2-4E5D-9F66-8FA659C37B43}.Release|Any CPU.Build.0 = Release|Any CPU
		{5FD735C1-E951-4AF4-AC89-039B5A1567D5}.Debug|Any CPU.ActiveCfg = Debug|Any CPU
		{5FD735C1-E951-4AF4-AC89-039B5A1567D5}.Debug|Any CPU.Build.0 = Debug|Any CPU
		{5FD735C1-E951-4AF4-AC89-039B5A1567D5}.Release|Any CPU.ActiveCfg = Release|Any CPU
		{5FD735C1-E951-4AF4-AC89-039B5A1567D5}.Release|Any CPU.Build.0 = Release|Any CPU
	EndGlobalSection
	GlobalSection(SolutionProperties) = preSolution
		HideSolutionNode = FALSE
	EndGlobalSection
	GlobalSection(ExtensibilityGlobals) = postSolution
		SolutionGuid = {C2963BCE-9E0B-4467-8172-93D1BDDE6C80}
	EndGlobalSection
EndGlobal
